
Microsoft Visual Studio Solution File, Format Version 12.00
# Visual Studio Version 17
VisualStudioVersion = 17.0.31903.59
MinimumVisualStudioVersion = 10.0.40219.1
Project("{FAE04EC0-301F-11D3-BF4B-00C04F79EFBC}") = "Commands", "Commands\Commands.csproj", "{64EA6E7E-A36A-4D7F-A2D0-F2598BEF27C5}"
EndProject
Project("{FAE04EC0-301F-11D3-BF4B-00C04F79EFBC}") = "task17tests", "task17tests\task17tests.csproj", "{43DBFB80-8EB0-47BC-B09F-E1EBC06ECCAF}"
EndProject
Global
	GlobalSection(SolutionConfigurationPlatforms) = preSolution
		Debug|Any CPU = Debug|Any CPU
		Release|Any CPU = Release|Any CPU
	EndGlobalSection
	GlobalSection(SolutionProperties) = preSolution
		HideSolutionNode = FALSE
	EndGlobalSection
	GlobalSection(ProjectConfigurationPlatforms) = postSolution
		{64EA6E7E-A36A-4D7F-A2D0-F2598BEF27C5}.Debug|Any CPU.ActiveCfg = Debug|Any CPU
		{64EA6E7E-A36A-4D7F-A2D0-F2598BEF27C5}.Debug|Any CPU.Build.0 = Debug|Any CPU
		{64EA6E7E-A36A-4D7F-A2D0-F2598BEF27C5}.Release|Any CPU.ActiveCfg = Release|Any CPU
		{64EA6E7E-A36A-4D7F-A2D0-F2598BEF27C5}.Release|Any CPU.Build.0 = Release|Any CPU
		{43DBFB80-8EB0-47BC-B09F-E1EBC06ECCAF}.Debug|Any CPU.ActiveCfg = Debug|Any CPU
		{43DBFB80-8EB0-47BC-B09F-E1EBC06ECCAF}.Debug|Any CPU.Build.0 = Debug|Any CPU
		{43DBFB80-8EB0-47BC-B09F-E1EBC06ECCAF}.Release|Any CPU.ActiveCfg = Release|Any CPU
		{43DBFB80-8EB0-47BC-B09F-E1EBC06ECCAF}.Release|Any CPU.Build.0 = Release|Any CPU
	EndGlobalSection
EndGlobal
